
Microsoft Visual Studio Solution File, Format Version 12.00
# Visual Studio Version 17
VisualStudioVersion = 17.11.35327.3
MinimumVisualStudioVersion = 10.0.40219.1
Project("{FAE04EC0-301F-11D3-BF4B-00C04F79EFBC}") = "WebApiTallerRefuerzoDos", "WebApiTallerRefuerzoDos\WebApiTallerRefuerzoDos.csproj", "{4AA93B3C-BAE7-49DC-932C-4E2E3697B208}"
EndProject
Global
	GlobalSection(SolutionConfigurationPlatforms) = preSolution
		Debug|Any CPU = Debug|Any CPU
		Release|Any CPU = Release|Any CPU
	EndGlobalSection
	GlobalSection(ProjectConfigurationPlatforms) = postSolution
		{4AA93B3C-BAE7-49DC-932C-4E2E3697B208}.Debug|Any CPU.ActiveCfg = Debug|Any CPU
		{4AA93B3C-BAE7-49DC-932C-4E2E3697B208}.Debug|Any CPU.Build.0 = Debug|Any CPU
		{4AA93B3C-BAE7-49DC-932C-4E2E3697B208}.Release|Any CPU.ActiveCfg = Release|Any CPU
		{4AA93B3C-BAE7-49DC-932C-4E2E3697B208}.Release|Any CPU.Build.0 = Release|Any CPU
	EndGlobalSection
	GlobalSection(SolutionProperties) = preSolution
		HideSolutionNode = FALSE
	EndGlobalSection
	GlobalSection(ExtensibilityGlobals) = postSolution
		SolutionGuid = {35B3DFC3-F6A6-4C87-802F-B8BB9DF2DB85}
	EndGlobalSection
EndGlobal
